
Microsoft Visual Studio Solution File, Format Version 12.00
# Visual Studio Version 17
VisualStudioVersion = 17.4.33122.133
MinimumVisualStudioVersion = 10.0.40219.1
Project("{FAE04EC0-301F-11D3-BF4B-00C04F79EFBC}") = "WebProje", "WebProje\WebProje.csproj", "{F2F95AB8-4AC9-4553-8849-11EAFE15C2AF}"
EndProject
Global
	GlobalSection(SolutionConfigurationPlatforms) = preSolution
		Debug|Any CPU = Debug|Any CPU
		Release|Any CPU = Release|Any CPU
	EndGlobalSection
	GlobalSection(ProjectConfigurationPlatforms) = postSolution
		{F2F95AB8-4AC9-4553-8849-11EAFE15C2AF}.Debug|Any CPU.ActiveCfg = Debug|Any CPU
		{F2F95AB8-4AC9-4553-8849-11EAFE15C2AF}.Debug|Any CPU.Build.0 = Debug|Any CPU
		{F2F95AB8-4AC9-4553-8849-11EAFE15C2AF}.Release|Any CPU.ActiveCfg = Release|Any CPU
		{F2F95AB8-4AC9-4553-8849-11EAFE15C2AF}.Release|Any CPU.Build.0 = Release|Any CPU
	EndGlobalSection
	GlobalSection(SolutionProperties) = preSolution
		HideSolutionNode = FALSE
	EndGlobalSection
	GlobalSection(ExtensibilityGlobals) = postSolution
		SolutionGuid = {C0B14E4E-2D2A-43CF-B1A1-5E9585E172E7}
	EndGlobalSection
EndGlobal
