
Microsoft Visual Studio Solution File, Format Version 12.00
# Visual Studio Version 17
VisualStudioVersion = 17.4.33122.133
MinimumVisualStudioVersion = 10.0.40219.1
Project("{FAE04EC0-301F-11D3-BF4B-00C04F79EFBC}") = "WebProgramlamaProjesi", "WebProgramlamaProjesi\WebProgramlamaProjesi.csproj", "{7433E4F9-8813-4C1D-99EF-B9E3F72F6473}"
EndProject
Global
	GlobalSection(SolutionConfigurationPlatforms) = preSolution
		Debug|Any CPU = Debug|Any CPU
		Release|Any CPU = Release|Any CPU
	EndGlobalSection
	GlobalSection(ProjectConfigurationPlatforms) = postSolution
		{7433E4F9-8813-4C1D-99EF-B9E3F72F6473}.Debug|Any CPU.ActiveCfg = Debug|Any CPU
		{7433E4F9-8813-4C1D-99EF-B9E3F72F6473}.Debug|Any CPU.Build.0 = Debug|Any CPU
		{7433E4F9-8813-4C1D-99EF-B9E3F72F6473}.Release|Any CPU.ActiveCfg = Release|Any CPU
		{7433E4F9-8813-4C1D-99EF-B9E3F72F6473}.Release|Any CPU.Build.0 = Release|Any CPU
	EndGlobalSection
	GlobalSection(SolutionProperties) = preSolution
		HideSolutionNode = FALSE
	EndGlobalSection
	GlobalSection(ExtensibilityGlobals) = postSolution
		SolutionGuid = {CF16F527-4617-4540-A8CD-DA0B1F6A1391}
	EndGlobalSection
EndGlobal
